
Microsoft Visual Studio Solution File, Format Version 12.00
# Visual Studio Version 16
VisualStudioVersion = 16.0.32228.343
MinimumVisualStudioVersion = 10.0.40219.1
Project("{FAE04EC0-301F-11D3-BF4B-00C04F79EFBC}") = "JenkinsWebApplicationDemo", "JenkinsWebApplicationDemo\JenkinsWebApplicationDemo.csproj", "{781E14AB-46E5-4779-B078-319D2F5288F0}"
EndProject
Project("{FAE04EC0-301F-11D3-BF4B-00C04F79EFBC}") = "TestProject", "TestProject\TestProject.csproj", "{410E0F06-2926-4ECD-BC2B-14CA6CD85864}"
EndProject
Global
	GlobalSection(SolutionConfigurationPlatforms) = preSolution
		Debug|Any CPU = Debug|Any CPU
		Release|Any CPU = Release|Any CPU
	EndGlobalSection
	GlobalSection(ProjectConfigurationPlatforms) = postSolution
		{781E14AB-46E5-4779-B078-319D2F5288F0}.Debug|Any CPU.ActiveCfg = Debug|Any CPU
		{781E14AB-46E5-4779-B078-319D2F5288F0}.Debug|Any CPU.Build.0 = Debug|Any CPU
		{781E14AB-46E5-4779-B078-319D2F5288F0}.Release|Any CPU.ActiveCfg = Release|Any CPU
		{781E14AB-46E5-4779-B078-319D2F5288F0}.Release|Any CPU.Build.0 = Release|Any CPU
		{410E0F06-2926-4ECD-BC2B-14CA6CD85864}.Debug|Any CPU.ActiveCfg = Debug|Any CPU
		{410E0F06-2926-4ECD-BC2B-14CA6CD85864}.Debug|Any CPU.Build.0 = Debug|Any CPU
		{410E0F06-2926-4ECD-BC2B-14CA6CD85864}.Release|Any CPU.ActiveCfg = Release|Any CPU
		{410E0F06-2926-4ECD-BC2B-14CA6CD85864}.Release|Any CPU.Build.0 = Release|Any CPU
	EndGlobalSection
	GlobalSection(SolutionProperties) = preSolution
		HideSolutionNode = FALSE
	EndGlobalSection
	GlobalSection(ExtensibilityGlobals) = postSolution
		SolutionGuid = {D893B75B-474E-4ACF-84E4-DFB8FFF600CF}
	EndGlobalSection
EndGlobal
